
Microsoft Visual Studio Solution File, Format Version 12.00
# Visual Studio 14
VisualStudioVersion = 14.0.25420.1
MinimumVisualStudioVersion = 10.0.40219.1
Project("{FAE04EC0-301F-11D3-BF4B-00C04F79EFBC}") = "CopyDirectoryWinFormsApplication", "CopyDirectory\CopyDirectoryWinFormsApplication.csproj", "{933F0074-E65B-4053-9186-860396E624E5}"
EndProject
Project("{FAE04EC0-301F-11D3-BF4B-00C04F79EFBC}") = "CopyDirectory.Core", "CopyDirectory.Core\CopyDirectory.Core.csproj", "{B25B72E3-BA2B-4B13-923B-B0BABBBB4156}"
EndProject
Global
	GlobalSection(SolutionConfigurationPlatforms) = preSolution
		Debug|Any CPU = Debug|Any CPU
		Release|Any CPU = Release|Any CPU
	EndGlobalSection
	GlobalSection(ProjectConfigurationPlatforms) = postSolution
		{933F0074-E65B-4053-9186-860396E624E5}.Debug|Any CPU.ActiveCfg = Debug|Any CPU
		{933F0074-E65B-4053-9186-860396E624E5}.Debug|Any CPU.Build.0 = Debug|Any CPU
		{933F0074-E65B-4053-9186-860396E624E5}.Release|Any CPU.ActiveCfg = Release|Any CPU
		{933F0074-E65B-4053-9186-860396E624E5}.Release|Any CPU.Build.0 = Release|Any CPU
		{B25B72E3-BA2B-4B13-923B-B0BABBBB4156}.Debug|Any CPU.ActiveCfg = Debug|Any CPU
		{B25B72E3-BA2B-4B13-923B-B0BABBBB4156}.Debug|Any CPU.Build.0 = Debug|Any CPU
		{B25B72E3-BA2B-4B13-923B-B0BABBBB4156}.Release|Any CPU.ActiveCfg = Release|Any CPU
		{B25B72E3-BA2B-4B13-923B-B0BABBBB4156}.Release|Any CPU.Build.0 = Release|Any CPU
	EndGlobalSection
	GlobalSection(SolutionProperties) = preSolution
		HideSolutionNode = FALSE
	EndGlobalSection
EndGlobal
